{
  "name": "reminder",
  "version": "0.0.1",
  "lockfileVersion": 2,
  "requires": true,
  "packages": {
    "": {
      "name": "reminder",
      "version": "0.0.1",
      "dependencies": {
        "@vant/weapp": "^1.6.8",
        "dayjs": "^1.10.4",
        "hws-scroll": "^1.0.8"
      }
    },
    "node_modules/@vant/weapp": {
      "version": "1.6.8",
      "resolved": "https://registry.npm.taobao.org/@vant/weapp/download/@vant/weapp-1.6.8.tgz",
      "integrity": "sha1-lIrhb7oHxaIFTFJ4PyKq9qBEU+E="
    },
    "node_modules/dayjs": {
      "version": "1.10.4",
      "resolved": "https://registry.npmjs.org/dayjs/-/dayjs-1.10.4.tgz",
      "integrity": "sha512-RI/Hh4kqRc1UKLOAf/T5zdMMX5DQIlDxwUe3wSyMMnEbGunnpENCdbUgM+dW7kXidZqCttBrmw7BhN4TMddkCw=="
    },
    "node_modules/hws-scroll": {
      "version": "1.0.8",
      "resolved": "https://registry.npmjs.org/hws-scroll/-/hws-scroll-1.0.8.tgz",
      "integrity": "sha512-BBDfEFMN7RutgftWT7aN+qnZPRBA3vciYyhTgEKLWGCU99j1DITrTSAE0Bgqy39+xKCfK7bEqS3pJh30938Zjw=="
    }
  },
  "dependencies": {
    "@vant/weapp": {
      "version": "1.6.8",
      "resolved": "https://registry.npm.taobao.org/@vant/weapp/download/@vant/weapp-1.6.8.tgz",
      "integrity": "sha1-lIrhb7oHxaIFTFJ4PyKq9qBEU+E="
    },
    "dayjs": {
      "version": "1.10.4",
      "resolved": "https://registry.npmjs.org/dayjs/-/dayjs-1.10.4.tgz",
      "integrity": "sha512-RI/Hh4kqRc1UKLOAf/T5zdMMX5DQIlDxwUe3wSyMMnEbGunnpENCdbUgM+dW7kXidZqCttBrmw7BhN4TMddkCw=="
    },
    "hws-scroll": {
      "version": "1.0.8",
      "resolved": "https://registry.npmjs.org/hws-scroll/-/hws-scroll-1.0.8.tgz",
      "integrity": "sha512-BBDfEFMN7RutgftWT7aN+qnZPRBA3vciYyhTgEKLWGCU99j1DITrTSAE0Bgqy39+xKCfK7bEqS3pJh30938Zjw=="
    }
  }
}
